
Microsoft Visual Studio Solution File, Format Version 12.00
Project("{FAE04EC0-301F-11D3-BF4B-00C04F79EFBC}") = "MechanicBE", "MechanicBE\MechanicBE.csproj", "{4BA677A1-2B68-4C82-B215-A5846ADAEDCA}"
EndProject
Project("{FAE04EC0-301F-11D3-BF4B-00C04F79EFBC}") = "MechanicShared", "MechanicShared\MechanicShared.csproj", "{53D6E470-2761-4F38-8726-6B089A8D7589}"
EndProject
Project("{FAE04EC0-301F-11D3-BF4B-00C04F79EFBC}") = "MechanicFE", "MechanicFE\MechanicFE.csproj", "{50B50E87-0A50-4B1E-AA73-A3CAB13FF4E5}"
EndProject
Project("{FAE04EC0-301F-11D3-BF4B-00C04F79EFBC}") = "MechanicBE.Tests", "MechanicBE.Tests\MechanicBE.Tests.csproj", "{8CC2B56E-B34D-4653-B9FA-DA5D8C46B06F}"
EndProject
Global
	GlobalSection(SolutionConfigurationPlatforms) = preSolution
		Debug|Any CPU = Debug|Any CPU
		Release|Any CPU = Release|Any CPU
	EndGlobalSection
	GlobalSection(ProjectConfigurationPlatforms) = postSolution
		{4BA677A1-2B68-4C82-B215-A5846ADAEDCA}.Debug|Any CPU.ActiveCfg = Debug|Any CPU
		{4BA677A1-2B68-4C82-B215-A5846ADAEDCA}.Debug|Any CPU.Build.0 = Debug|Any CPU
		{4BA677A1-2B68-4C82-B215-A5846ADAEDCA}.Release|Any CPU.ActiveCfg = Release|Any CPU
		{4BA677A1-2B68-4C82-B215-A5846ADAEDCA}.Release|Any CPU.Build.0 = Release|Any CPU
		{53D6E470-2761-4F38-8726-6B089A8D7589}.Debug|Any CPU.ActiveCfg = Debug|Any CPU
		{53D6E470-2761-4F38-8726-6B089A8D7589}.Debug|Any CPU.Build.0 = Debug|Any CPU
		{53D6E470-2761-4F38-8726-6B089A8D7589}.Release|Any CPU.ActiveCfg = Release|Any CPU
		{53D6E470-2761-4F38-8726-6B089A8D7589}.Release|Any CPU.Build.0 = Release|Any CPU
		{50B50E87-0A50-4B1E-AA73-A3CAB13FF4E5}.Debug|Any CPU.ActiveCfg = Debug|Any CPU
		{50B50E87-0A50-4B1E-AA73-A3CAB13FF4E5}.Debug|Any CPU.Build.0 = Debug|Any CPU
		{50B50E87-0A50-4B1E-AA73-A3CAB13FF4E5}.Release|Any CPU.ActiveCfg = Release|Any CPU
		{50B50E87-0A50-4B1E-AA73-A3CAB13FF4E5}.Release|Any CPU.Build.0 = Release|Any CPU
		{8CC2B56E-B34D-4653-B9FA-DA5D8C46B06F}.Debug|Any CPU.ActiveCfg = Debug|Any CPU
		{8CC2B56E-B34D-4653-B9FA-DA5D8C46B06F}.Debug|Any CPU.Build.0 = Debug|Any CPU
		{8CC2B56E-B34D-4653-B9FA-DA5D8C46B06F}.Release|Any CPU.ActiveCfg = Release|Any CPU
		{8CC2B56E-B34D-4653-B9FA-DA5D8C46B06F}.Release|Any CPU.Build.0 = Release|Any CPU
	EndGlobalSection
EndGlobal
